
Microsoft Visual Studio Solution File, Format Version 12.00
# Visual Studio Version 17
VisualStudioVersion = 17.14.36414.22 d17.14
MinimumVisualStudioVersion = 10.0.40219.1
Project("{FAE04EC0-301F-11D3-BF4B-00C04F79EFBC}") = "Alg 3", "Alg 3\Alg 3.csproj", "{4AA8D57A-8383-4C55-A612-E91B521CD300}"
EndProject
Global
	GlobalSection(SolutionConfigurationPlatforms) = preSolution
		Debug|Any CPU = Debug|Any CPU
		Release|Any CPU = Release|Any CPU
	EndGlobalSection
	GlobalSection(ProjectConfigurationPlatforms) = postSolution
		{4AA8D57A-8383-4C55-A612-E91B521CD300}.Debug|Any CPU.ActiveCfg = Debug|Any CPU
		{4AA8D57A-8383-4C55-A612-E91B521CD300}.Debug|Any CPU.Build.0 = Debug|Any CPU
		{4AA8D57A-8383-4C55-A612-E91B521CD300}.Release|Any CPU.ActiveCfg = Release|Any CPU
		{4AA8D57A-8383-4C55-A612-E91B521CD300}.Release|Any CPU.Build.0 = Release|Any CPU
	EndGlobalSection
	GlobalSection(SolutionProperties) = preSolution
		HideSolutionNode = FALSE
	EndGlobalSection
	GlobalSection(ExtensibilityGlobals) = postSolution
		SolutionGuid = {401F7BDA-80F3-4199-BD99-34D4FFBBD652}
	EndGlobalSection
EndGlobal
