
Microsoft Visual Studio Solution File, Format Version 12.00
# Visual Studio Version 17
VisualStudioVersion = 17.14.36414.22 d17.14
MinimumVisualStudioVersion = 10.0.40219.1
Project("{FAE04EC0-301F-11D3-BF4B-00C04F79EFBC}") = "Alg1.2", "Alg1.2\Alg1.2.csproj", "{F9ECA150-8F8D-47E9-A48F-3058F8D7F66C}"
EndProject
Global
	GlobalSection(SolutionConfigurationPlatforms) = preSolution
		Debug|Any CPU = Debug|Any CPU
		Release|Any CPU = Release|Any CPU
	EndGlobalSection
	GlobalSection(ProjectConfigurationPlatforms) = postSolution
		{F9ECA150-8F8D-47E9-A48F-3058F8D7F66C}.Debug|Any CPU.ActiveCfg = Debug|Any CPU
		{F9ECA150-8F8D-47E9-A48F-3058F8D7F66C}.Debug|Any CPU.Build.0 = Debug|Any CPU
		{F9ECA150-8F8D-47E9-A48F-3058F8D7F66C}.Release|Any CPU.ActiveCfg = Release|Any CPU
		{F9ECA150-8F8D-47E9-A48F-3058F8D7F66C}.Release|Any CPU.Build.0 = Release|Any CPU
	EndGlobalSection
	GlobalSection(SolutionProperties) = preSolution
		HideSolutionNode = FALSE
	EndGlobalSection
	GlobalSection(ExtensibilityGlobals) = postSolution
		SolutionGuid = {6DA3D08F-2DDC-4B99-88B2-F2E06A4F45F3}
	EndGlobalSection
EndGlobal
