
Microsoft Visual Studio Solution File, Format Version 12.00
# Visual Studio Version 17
VisualStudioVersion = 17.14.36414.22 d17.14
MinimumVisualStudioVersion = 10.0.40219.1
Project("{FAE04EC0-301F-11D3-BF4B-00C04F79EFBC}") = "Alg5", "Alg5\Alg5.csproj", "{2E4A38F6-41B9-4FCC-B17A-33001A66F95F}"
EndProject
Global
	GlobalSection(SolutionConfigurationPlatforms) = preSolution
		Debug|Any CPU = Debug|Any CPU
		Release|Any CPU = Release|Any CPU
	EndGlobalSection
	GlobalSection(ProjectConfigurationPlatforms) = postSolution
		{2E4A38F6-41B9-4FCC-B17A-33001A66F95F}.Debug|Any CPU.ActiveCfg = Debug|Any CPU
		{2E4A38F6-41B9-4FCC-B17A-33001A66F95F}.Debug|Any CPU.Build.0 = Debug|Any CPU
		{2E4A38F6-41B9-4FCC-B17A-33001A66F95F}.Release|Any CPU.ActiveCfg = Release|Any CPU
		{2E4A38F6-41B9-4FCC-B17A-33001A66F95F}.Release|Any CPU.Build.0 = Release|Any CPU
	EndGlobalSection
	GlobalSection(SolutionProperties) = preSolution
		HideSolutionNode = FALSE
	EndGlobalSection
	GlobalSection(ExtensibilityGlobals) = postSolution
		SolutionGuid = {35E0350A-C6CC-4A60-B795-5F74506B03C8}
	EndGlobalSection
EndGlobal
