
Microsoft Visual Studio Solution File, Format Version 12.00
# Visual Studio Version 17
VisualStudioVersion = 17.14.36414.22 d17.14
MinimumVisualStudioVersion = 10.0.40219.1
Project("{FAE04EC0-301F-11D3-BF4B-00C04F79EFBC}") = "8.2", "8.2\8.2.csproj", "{90B62799-51C1-4933-818D-6D5C6B9C529E}"
EndProject
Global
	GlobalSection(SolutionConfigurationPlatforms) = preSolution
		Debug|Any CPU = Debug|Any CPU
		Release|Any CPU = Release|Any CPU
	EndGlobalSection
	GlobalSection(ProjectConfigurationPlatforms) = postSolution
		{90B62799-51C1-4933-818D-6D5C6B9C529E}.Debug|Any CPU.ActiveCfg = Debug|Any CPU
		{90B62799-51C1-4933-818D-6D5C6B9C529E}.Debug|Any CPU.Build.0 = Debug|Any CPU
		{90B62799-51C1-4933-818D-6D5C6B9C529E}.Release|Any CPU.ActiveCfg = Release|Any CPU
		{90B62799-51C1-4933-818D-6D5C6B9C529E}.Release|Any CPU.Build.0 = Release|Any CPU
	EndGlobalSection
	GlobalSection(SolutionProperties) = preSolution
		HideSolutionNode = FALSE
	EndGlobalSection
	GlobalSection(ExtensibilityGlobals) = postSolution
		SolutionGuid = {0F4739E0-BBA7-42D4-A36F-14CB81EF2E59}
	EndGlobalSection
EndGlobal
